
Microsoft Visual Studio Solution File, Format Version 12.00
# Visual Studio Version 17
VisualStudioVersion = 17.6.33829.357
MinimumVisualStudioVersion = 10.0.40219.1
Project("{FAE04EC0-301F-11D3-BF4B-00C04F79EFBC}") = "Vikascore.Entities", "Vikascore.Entities\Vikascore.Entities.csproj", "{F80152F2-7D64-4734-B128-6F74E5ADF8EB}"
EndProject
Project("{FAE04EC0-301F-11D3-BF4B-00C04F79EFBC}") = "Vikascore.Repositories", "Vikascore.Repositories\Vikascore.Repositories.csproj", "{3B49D72E-E5D5-4E79-BA4E-CE5AA8F25D3C}"
EndProject
Project("{FAE04EC0-301F-11D3-BF4B-00C04F79EFBC}") = "Vikascore.UI", "Vikascore.UI\Vikascore.UI.csproj", "{C020C5BE-E440-4A54-8C6A-0CD7954CE300}"
EndProject
Global
	GlobalSection(SolutionConfigurationPlatforms) = preSolution
		Debug|Any CPU = Debug|Any CPU
		Release|Any CPU = Release|Any CPU
	EndGlobalSection
	GlobalSection(ProjectConfigurationPlatforms) = postSolution
		{F80152F2-7D64-4734-B128-6F74E5ADF8EB}.Debug|Any CPU.ActiveCfg = Debug|Any CPU
		{F80152F2-7D64-4734-B128-6F74E5ADF8EB}.Debug|Any CPU.Build.0 = Debug|Any CPU
		{F80152F2-7D64-4734-B128-6F74E5ADF8EB}.Release|Any CPU.ActiveCfg = Release|Any CPU
		{F80152F2-7D64-4734-B128-6F74E5ADF8EB}.Release|Any CPU.Build.0 = Release|Any CPU
		{3B49D72E-E5D5-4E79-BA4E-CE5AA8F25D3C}.Debug|Any CPU.ActiveCfg = Debug|Any CPU
		{3B49D72E-E5D5-4E79-BA4E-CE5AA8F25D3C}.Debug|Any CPU.Build.0 = Debug|Any CPU
		{3B49D72E-E5D5-4E79-BA4E-CE5AA8F25D3C}.Release|Any CPU.ActiveCfg = Release|Any CPU
		{3B49D72E-E5D5-4E79-BA4E-CE5AA8F25D3C}.Release|Any CPU.Build.0 = Release|Any CPU
		{C020C5BE-E440-4A54-8C6A-0CD7954CE300}.Debug|Any CPU.ActiveCfg = Debug|Any CPU
		{C020C5BE-E440-4A54-8C6A-0CD7954CE300}.Debug|Any CPU.Build.0 = Debug|Any CPU
		{C020C5BE-E440-4A54-8C6A-0CD7954CE300}.Release|Any CPU.ActiveCfg = Release|Any CPU
		{C020C5BE-E440-4A54-8C6A-0CD7954CE300}.Release|Any CPU.Build.0 = Release|Any CPU
	EndGlobalSection
	GlobalSection(SolutionProperties) = preSolution
		HideSolutionNode = FALSE
	EndGlobalSection
	GlobalSection(ExtensibilityGlobals) = postSolution
		SolutionGuid = {901E7A11-0157-46E9-A435-B83FA309A8A5}
	EndGlobalSection
EndGlobal
